
Microsoft Visual Studio Solution File, Format Version 12.00
# Visual Studio 15
VisualStudioVersion = 15.0.28307.757
MinimumVisualStudioVersion = 10.0.40219.1
Project("{9A19103F-16F7-4668-BE54-9A1E7A4F7556}") = "WorkloadGenerator", "WorkloadGenerator\WorkloadGenerator.csproj", "{C22D102D-B897-4E28-A8F4-2A8FA558A8BD}"
EndProject
Project("{9A19103F-16F7-4668-BE54-9A1E7A4F7556}") = "WorkloadExecutorMongoDB", "WorkloadExecutorMongoDB\WorkloadExecutorMongoDB.csproj", "{2294CA89-3F19-4EF0-800D-709A4470CA8D}"
EndProject
Project("{9A19103F-16F7-4668-BE54-9A1E7A4F7556}") = "WorkloadExecutorDynamoDB", "WorkloadExecutorDynamoDB\WorkloadExecutorDynamoDB.csproj", "{B41A8A75-37BA-4D39-B0B5-8307DD04508D}"
EndProject
Project("{9A19103F-16F7-4668-BE54-9A1E7A4F7556}") = "TwitterStreamPublisher", "TwitterStreamPublisher\TwitterStreamPublisher.csproj", "{A3114454-7791-490A-8653-E0199CA1CEDF}"
EndProject
Project("{9A19103F-16F7-4668-BE54-9A1E7A4F7556}") = "TwitterStreamConsumerMongoDB", "TwitterStreamConsumerMongoDB\TwitterStreamConsumerMongoDB.csproj", "{D0CE467A-1A5E-4CF1-BBC0-AF86E9BD0A0E}"
EndProject
Project("{9A19103F-16F7-4668-BE54-9A1E7A4F7556}") = "TwitterStreamConsumerDynamoDB", "TwitterStreamConsumerDynamoDB\TwitterStreamConsumerDynamoDB.csproj", "{2F1B6FC3-BA0C-4DCC-81D9-42002B4997D5}"
EndProject
Global
	GlobalSection(SolutionConfigurationPlatforms) = preSolution
		Debug|Any CPU = Debug|Any CPU
		Release|Any CPU = Release|Any CPU
	EndGlobalSection
	GlobalSection(ProjectConfigurationPlatforms) = postSolution
		{C22D102D-B897-4E28-A8F4-2A8FA558A8BD}.Debug|Any CPU.ActiveCfg = Debug|Any CPU
		{C22D102D-B897-4E28-A8F4-2A8FA558A8BD}.Debug|Any CPU.Build.0 = Debug|Any CPU
		{C22D102D-B897-4E28-A8F4-2A8FA558A8BD}.Release|Any CPU.ActiveCfg = Release|Any CPU
		{C22D102D-B897-4E28-A8F4-2A8FA558A8BD}.Release|Any CPU.Build.0 = Release|Any CPU
		{2294CA89-3F19-4EF0-800D-709A4470CA8D}.Debug|Any CPU.ActiveCfg = Debug|Any CPU
		{2294CA89-3F19-4EF0-800D-709A4470CA8D}.Debug|Any CPU.Build.0 = Debug|Any CPU
		{2294CA89-3F19-4EF0-800D-709A4470CA8D}.Release|Any CPU.ActiveCfg = Release|Any CPU
		{2294CA89-3F19-4EF0-800D-709A4470CA8D}.Release|Any CPU.Build.0 = Release|Any CPU
		{B41A8A75-37BA-4D39-B0B5-8307DD04508D}.Debug|Any CPU.ActiveCfg = Debug|Any CPU
		{B41A8A75-37BA-4D39-B0B5-8307DD04508D}.Debug|Any CPU.Build.0 = Debug|Any CPU
		{B41A8A75-37BA-4D39-B0B5-8307DD04508D}.Release|Any CPU.ActiveCfg = Release|Any CPU
		{B41A8A75-37BA-4D39-B0B5-8307DD04508D}.Release|Any CPU.Build.0 = Release|Any CPU
		{A3114454-7791-490A-8653-E0199CA1CEDF}.Debug|Any CPU.ActiveCfg = Debug|Any CPU
		{A3114454-7791-490A-8653-E0199CA1CEDF}.Debug|Any CPU.Build.0 = Debug|Any CPU
		{A3114454-7791-490A-8653-E0199CA1CEDF}.Release|Any CPU.ActiveCfg = Release|Any CPU
		{A3114454-7791-490A-8653-E0199CA1CEDF}.Release|Any CPU.Build.0 = Release|Any CPU
		{D0CE467A-1A5E-4CF1-BBC0-AF86E9BD0A0E}.Debug|Any CPU.ActiveCfg = Debug|Any CPU
		{D0CE467A-1A5E-4CF1-BBC0-AF86E9BD0A0E}.Debug|Any CPU.Build.0 = Debug|Any CPU
		{D0CE467A-1A5E-4CF1-BBC0-AF86E9BD0A0E}.Release|Any CPU.ActiveCfg = Release|Any CPU
		{D0CE467A-1A5E-4CF1-BBC0-AF86E9BD0A0E}.Release|Any CPU.Build.0 = Release|Any CPU
		{2F1B6FC3-BA0C-4DCC-81D9-42002B4997D5}.Debug|Any CPU.ActiveCfg = Debug|Any CPU
		{2F1B6FC3-BA0C-4DCC-81D9-42002B4997D5}.Debug|Any CPU.Build.0 = Debug|Any CPU
		{2F1B6FC3-BA0C-4DCC-81D9-42002B4997D5}.Release|Any CPU.ActiveCfg = Release|Any CPU
		{2F1B6FC3-BA0C-4DCC-81D9-42002B4997D5}.Release|Any CPU.Build.0 = Release|Any CPU
	EndGlobalSection
	GlobalSection(SolutionProperties) = preSolution
		HideSolutionNode = FALSE
	EndGlobalSection
	GlobalSection(ExtensibilityGlobals) = postSolution
		SolutionGuid = {249C2984-432F-46FD-ABB6-64D017D9684D}
	EndGlobalSection
EndGlobal
